
Microsoft Visual Studio Solution File, Format Version 12.00
# 17
VisualStudioVersion = 17.8.34511.84
MinimumVisualStudioVersion = 10.0.40219.1
Project("{9A19103F-16F7-4668-BE54-9A1E7A4F7556}") = "DataSyncService", "DataSyncService\DataSyncService.csproj", "{CF7EEB9A-26A1-4D61-B09F-CBB9CDD344BF}"
EndProject
Project("{9A19103F-16F7-4668-BE54-9A1E7A4F7556}") = "ArchivingService", "ArchivingService\ArchivingService.csproj", "{911BDBB5-66F2-4138-90FD-56A3F8EB56D0}"
EndProject
Project("{9A19103F-16F7-4668-BE54-9A1E7A4F7556}") = "Logging.Serilog", "Logging.Serilog\Logging.Serilog.csproj", "{33D0201D-BEAB-4BB9-80AD-3E9EF945EC9A}"
EndProject
Global
	GlobalSection(SolutionConfigurationPlatforms) = preSolution
		Debug|Any CPU = Debug|Any CPU
		Release|Any CPU = Release|Any CPU
	EndGlobalSection
	GlobalSection(ProjectConfigurationPlatforms) = postSolution
		{CF7EEB9A-26A1-4D61-B09F-CBB9CDD344BF}.Debug|Any CPU.ActiveCfg = Debug|Any CPU
		{CF7EEB9A-26A1-4D61-B09F-CBB9CDD344BF}.Debug|Any CPU.Build.0 = Debug|Any CPU
		{CF7EEB9A-26A1-4D61-B09F-CBB9CDD344BF}.Release|Any CPU.ActiveCfg = Release|Any CPU
		{CF7EEB9A-26A1-4D61-B09F-CBB9CDD344BF}.Release|Any CPU.Build.0 = Release|Any CPU
		{911BDBB5-66F2-4138-90FD-56A3F8EB56D0}.Debug|Any CPU.ActiveCfg = Debug|Any CPU
		{911BDBB5-66F2-4138-90FD-56A3F8EB56D0}.Debug|Any CPU.Build.0 = Debug|Any CPU
		{911BDBB5-66F2-4138-90FD-56A3F8EB56D0}.Release|Any CPU.ActiveCfg = Release|Any CPU
		{911BDBB5-66F2-4138-90FD-56A3F8EB56D0}.Release|Any CPU.Build.0 = Release|Any CPU
		{33D0201D-BEAB-4BB9-80AD-3E9EF945EC9A}.Debug|Any CPU.ActiveCfg = Debug|Any CPU
		{33D0201D-BEAB-4BB9-80AD-3E9EF945EC9A}.Debug|Any CPU.Build.0 = Debug|Any CPU
		{33D0201D-BEAB-4BB9-80AD-3E9EF945EC9A}.Release|Any CPU.ActiveCfg = Release|Any CPU
		{33D0201D-BEAB-4BB9-80AD-3E9EF945EC9A}.Release|Any CPU.Build.0 = Release|Any CPU
	EndGlobalSection
	GlobalSection(SolutionProperties) = preSolution
		HideSolutionNode = FALSE
	EndGlobalSection
	GlobalSection(ExtensibilityGlobals) = postSolution
		SolutionGuid = {C98AD0ED-D498-46E5-AB08-29A545407CE0}
	EndGlobalSection
EndGlobal
